hash: a5b9f02817d1ba562176a50b5a7254f4621f66b937633ccafa6fcdb5bc0b9eb1
updated: 2016-08-06T06:10:22.966312335-07:00
imports:
- name: github.com/ae6rt/retry
  version: 1a40fd118c4c589e39abd065d7e94145c45133a6
- name: github.com/xoom/jenkins
  version: 41d24051f4b8e8c064c6d3f8b27ec44f449ed6c5
- name: github.com/xoom/maventools
  version: 1b594f4c32b81632448fa9ab128c0b5cbabdde98
- name: github.com/xoom/stash
  version: f449fe3fa4ba690fb817c2a70d21588e69b3e076
testImports: []
